
Microsoft Visual Studio Solution File, Format Version 12.00
# Visual Studio 14
VisualStudioVersion = 14.0.24720.0
MinimumVisualStudioVersion = 10.0.40219.1
Project("{FAE04EC0-301F-11D3-BF4B-00C04F79EFBC}") = "AccidentalFish.ApplicationSupport.Core", "Source\AccidentalFish.ApplicationSupport.Core\AccidentalFish.ApplicationSupport.Core.csproj", "{578E1681-F5F4-4CBA-BEC3-7F1D8A765254}"
EndProject
Project("{FAE04EC0-301F-11D3-BF4B-00C04F79EFBC}") = "AccidentalFish.ApplicationSupport.Azure", "Source\AccidentalFish.ApplicationSupport.Azure\AccidentalFish.ApplicationSupport.Azure.csproj", "{F4F8B4B5-4519-4669-8D30-CD7866CC6B33}"
EndProject
Project("{FAE04EC0-301F-11D3-BF4B-00C04F79EFBC}") = "AccidentalFish.ApplicationSupport.Powershell", "Source\AccidentalFish.ApplicationSupport.Powershell\AccidentalFish.ApplicationSupport.Powershell.csproj", "{F07F76F1-C7AD-49CA-AA86-F2898073B20F}"
EndProject
Project("{FAE04EC0-301F-11D3-BF4B-00C04F79EFBC}") = "AccidentalFish.ApplicationSupport.Core.Tests.Unit", "Tests\AccidentalFish.ApplicationSupport.Core.Tests.Unit\AccidentalFish.ApplicationSupport.Core.Tests.Unit.csproj", "{F6A4199C-708E-4B1A-B62E-185AFB1DB51A}"
EndProject
Project("{FAE04EC0-301F-11D3-BF4B-00C04F79EFBC}") = "AccidentalFish.Helpers.Test", "Tests\AccidentalFish.Helpers.Test\AccidentalFish.Helpers.Test.csproj", "{120C9550-5A83-4E1C-A5B5-1C336E1FCC49}"
EndProject
Project("{2150E333-8FDC-42A3-9474-1A3956D46DE8}") = "Tests", "Tests", "{F127F13B-CB27-49FA-B201-E57630D8CCD8}"
EndProject
Project("{FAE04EC0-301F-11D3-BF4B-00C04F79EFBC}") = "AccidentalFish.ApplicationSupport.Processes", "Source\AccidentalFish.ApplicationSupport.Processes\AccidentalFish.ApplicationSupport.Processes.csproj", "{2020EF8C-4D77-4DEC-A287-11D877F2685F}"
EndProject
Project("{FAE04EC0-301F-11D3-BF4B-00C04F79EFBC}") = "AccidentalFish.ApplicationSupport.Processes.Tests.Unit", "Tests\AccidentalFish.ApplicationSupport.Processes.Tests.Unit\AccidentalFish.ApplicationSupport.Processes.Tests.Unit.csproj", "{97192BD5-BFC5-4F58-BEC1-F47A460E46FA}"
EndProject
Project("{2150E333-8FDC-42A3-9474-1A3956D46DE8}") = "NugetPackaging", "NugetPackaging", "{6C431FDC-56A3-4222-A99D-11E35069035A}"
	ProjectSection(SolutionItems) = preProject
		Source\AccidentalFish.ApplicationSupport.Autofac\AccidentalFish.ApplicationSupport.Autofac.nuspec = Source\AccidentalFish.ApplicationSupport.Autofac\AccidentalFish.ApplicationSupport.Autofac.nuspec
		Source\AccidentalFish.ApplicationSupport.Azure\AccidentalFish.ApplicationSupport.Azure.nuspec = Source\AccidentalFish.ApplicationSupport.Azure\AccidentalFish.ApplicationSupport.Azure.nuspec
		Source\AccidentalFish.ApplicationSupport.Core\AccidentalFish.ApplicationSupport.Core.nuspec = Source\AccidentalFish.ApplicationSupport.Core\AccidentalFish.ApplicationSupport.Core.nuspec
		Source\AccidentalFish.ApplicationSupport.DependencyResolver\AccidentalFish.ApplicationSupport.DependencyResolver.nuspec = Source\AccidentalFish.ApplicationSupport.DependencyResolver\AccidentalFish.ApplicationSupport.DependencyResolver.nuspec
		Source\AccidentalFish.ApplicationSupport.Email.Amazon\AccidentalFish.ApplicationSupport.Email.Amazon.nuspec = Source\AccidentalFish.ApplicationSupport.Email.Amazon\AccidentalFish.ApplicationSupport.Email.Amazon.nuspec
		Source\AccidentalFish.ApplicationSupport.Email.SendGrid\AccidentalFish.ApplicationSupport.Email.SendGrid.nuspec = Source\AccidentalFish.ApplicationSupport.Email.SendGrid\AccidentalFish.ApplicationSupport.Email.SendGrid.nuspec
		Source\AccidentalFish.ApplicationSupport.Logging.ApplicationInsights\AccidentalFish.ApplicationSupport.Logging.ApplicationInsights.nuspec = Source\AccidentalFish.ApplicationSupport.Logging.ApplicationInsights\AccidentalFish.ApplicationSupport.Logging.ApplicationInsights.nuspec
		Source\AccidentalFish.ApplicationSupport.Logging.AzureQueueLogger\AccidentalFish.ApplicationSupport.Logging.AzureQueueLogger.nuspec = Source\AccidentalFish.ApplicationSupport.Logging.AzureQueueLogger\AccidentalFish.ApplicationSupport.Logging.AzureQueueLogger.nuspec
		Source\AccidentalFish.ApplicationSupport.Logging.ConsoleLogger\AccidentalFish.ApplicationSupport.Logging.ConsoleLogger.nuspec = Source\AccidentalFish.ApplicationSupport.Logging.ConsoleLogger\AccidentalFish.ApplicationSupport.Logging.ConsoleLogger.nuspec
		Source\AccidentalFish.ApplicationSupport.Logging.Serilog\AccidentalFish.ApplicationSupport.Logging.Serilog.nuspec = Source\AccidentalFish.ApplicationSupport.Logging.Serilog\AccidentalFish.ApplicationSupport.Logging.Serilog.nuspec
		Source\AccidentalFish.ApplicationSupport.Ninject\AccidentalFish.ApplicationSupport.Ninject.nuspec = Source\AccidentalFish.ApplicationSupport.Ninject\AccidentalFish.ApplicationSupport.Ninject.nuspec
		Source\AccidentalFish.ApplicationSupport.Powershell\AccidentalFish.ApplicationSupport.Powershell.nuspec = Source\AccidentalFish.ApplicationSupport.Powershell\AccidentalFish.ApplicationSupport.Powershell.nuspec
		Source\AccidentalFish.ApplicationSupport.Processes\AccidentalFish.ApplicationSupport.Processes.nuspec = Source\AccidentalFish.ApplicationSupport.Processes\AccidentalFish.ApplicationSupport.Processes.nuspec
		Source\AccidentalFish.ApplicationSupport.Repository.EntityFramework\AccidentalFish.ApplicationSupport.Repository.EntityFramework.nuspec = Source\AccidentalFish.ApplicationSupport.Repository.EntityFramework\AccidentalFish.ApplicationSupport.Repository.EntityFramework.nuspec
		Source\AccidentalFish.ApplicationSupport.Unity\AccidentalFish.ApplicationSupport.Unity.nuspec = Source\AccidentalFish.ApplicationSupport.Unity\AccidentalFish.ApplicationSupport.Unity.nuspec
		Source\AssemblyInfoCommon.cs = Source\AssemblyInfoCommon.cs
		package-nuget.ps1 = package-nuget.ps1
		package-tools-init.ps1 = package-tools-init.ps1
	EndProjectSection
EndProject
Project("{2150E333-8FDC-42A3-9474-1A3956D46DE8}") = "Samples", "Samples", "{C7214A7F-4365-4624-8C92-48BE40FCD969}"
EndProject
Project("{FAE04EC0-301F-11D3-BF4B-00C04F79EFBC}") = "TopicsAndSubscriptions", "Samples\TopicsAndSubscriptions\TopicsAndSubscriptions.csproj", "{B0EF8F56-C9B3-4C1D-80C6-DD65B3C00F5E}"
EndProject
Project("{FAE04EC0-301F-11D3-BF4B-00C04F79EFBC}") = "AccidentalFish.ApplicationSupport.Email.SendGrid", "Source\AccidentalFish.ApplicationSupport.Email.SendGrid\AccidentalFish.ApplicationSupport.Email.SendGrid.csproj", "{1FAB02F3-6930-4FF3-96BE-E23F2D428325}"
EndProject
Project("{FAE04EC0-301F-11D3-BF4B-00C04F79EFBC}") = "AccidentalFish.ApplicationSupport.Email.Amazon", "Source\AccidentalFish.ApplicationSupport.Email.Amazon\AccidentalFish.ApplicationSupport.Email.Amazon.csproj", "{8759A93A-7CC7-43E4-9238-ACE15FE6FD78}"
EndProject
Project("{FAE04EC0-301F-11D3-BF4B-00C04F79EFBC}") = "AccidentalFish.ApplicationSupport.Repository.EntityFramework", "Source\AccidentalFish.ApplicationSupport.Repository.EntityFramework\AccidentalFish.ApplicationSupport.Repository.EntityFramework.csproj", "{62D4B06E-503F-40E2-9667-B7DA1C5EAAC8}"
EndProject
Project("{FAE04EC0-301F-11D3-BF4B-00C04F79EFBC}") = "AccidentalFish.ApplicationSupport.Unity", "Source\AccidentalFish.ApplicationSupport.Unity\AccidentalFish.ApplicationSupport.Unity.csproj", "{09C4344B-A00B-4404-BEA0-F0B5521FAA99}"
EndProject
Project("{FAE04EC0-301F-11D3-BF4B-00C04F79EFBC}") = "UnitOfWorkAndRepository", "Samples\UnitOfWorkAndRepository\UnitOfWorkAndRepository.csproj", "{0D6F0331-7BD5-4E74-A1B8-2430CAE35478}"
EndProject
Project("{FAE04EC0-301F-11D3-BF4B-00C04F79EFBC}") = "AccidentalFish.ApplicationSupport.CloudPatterns", "Source\AccidentalFish.ApplicationSupport.CloudPatterns\AccidentalFish.ApplicationSupport.CloudPatterns.csproj", "{82B25A63-C543-4807-933F-6ED6530DB291}"
EndProject
Project("{FAE04EC0-301F-11D3-BF4B-00C04F79EFBC}") = "AccidentalFish.ApplicationSupport.DependencyResolver", "Source\AccidentalFish.ApplicationSupport.DependencyResolver\AccidentalFish.ApplicationSupport.DependencyResolver.csproj", "{18671945-CD5C-4CE6-8C02-CD7C8B0CC68E}"
EndProject
Project("{FAE04EC0-301F-11D3-BF4B-00C04F79EFBC}") = "BackoffPolicy", "Samples\BackoffPolicy\BackoffPolicy.csproj", "{1317DE04-F3DA-47AA-BD6E-B7F4BC81E85F}"
EndProject
Project("{FAE04EC0-301F-11D3-BF4B-00C04F79EFBC}") = "ComponentHost", "Samples\ComponentHost\ComponentHost.csproj", "{FF473D27-77E7-4592-A1EC-8E52B8A190C9}"
EndProject
Project("{FAE04EC0-301F-11D3-BF4B-00C04F79EFBC}") = "AccidentalFish.ApplicationSupport.Logging.ApplicationInsights", "Source\AccidentalFish.ApplicationSupport.Logging.ApplicationInsights\AccidentalFish.ApplicationSupport.Logging.ApplicationInsights.csproj", "{D9B998A8-F054-422D-AE5A-05DF51B3648B}"
EndProject
Project("{FAE04EC0-301F-11D3-BF4B-00C04F79EFBC}") = "Logger", "Samples\Logger\Logger.csproj", "{1C6678C8-3804-4CE3-AE22-4BA20A0A0584}"
EndProject
Project("{2150E333-8FDC-42A3-9474-1A3956D46DE8}") = "ReleaseNotes", "ReleaseNotes", "{95EE8286-2E4B-4324-BEF3-F2FBEC60D112}"
	ProjectSection(SolutionItems) = preProject
		ReleaseNotes\v2.0.0.md = ReleaseNotes\v2.0.0.md
		ReleaseNotes\v2.1.0.md = ReleaseNotes\v2.1.0.md
		ReleaseNotes\v2.2.0.md = ReleaseNotes\v2.2.0.md
		ReleaseNotes\v3.0.0.md = ReleaseNotes\v3.0.0.md
		ReleaseNotes\v3.1.0.md = ReleaseNotes\v3.1.0.md
		ReleaseNotes\v3.1.2.md = ReleaseNotes\v3.1.2.md
		ReleaseNotes\v3.1.3.md = ReleaseNotes\v3.1.3.md
		ReleaseNotes\v3.2.0.md = ReleaseNotes\v3.2.0.md
	EndProjectSection
EndProject
Project("{FAE04EC0-301F-11D3-BF4B-00C04F79EFBC}") = "AccidentalFish.ApplicationSupport.Ninject", "Source\AccidentalFish.ApplicationSupport.Ninject\AccidentalFish.ApplicationSupport.Ninject.csproj", "{14E9E435-B14A-4D85-B03F-F997854FD0D1}"
EndProject
Project("{FAE04EC0-301F-11D3-BF4B-00C04F79EFBC}") = "LoggerWithNinject", "Samples\LoggerWithNinject\LoggerWithNinject.csproj", "{B1C853D2-2AC2-46CB-A75E-8B8D1D1B5560}"
EndProject
Project("{FAE04EC0-301F-11D3-BF4B-00C04F79EFBC}") = "AccidentalFish.ApplicationSupport.Autofac", "Source\AccidentalFish.ApplicationSupport.Autofac\AccidentalFish.ApplicationSupport.Autofac.csproj", "{A44C293C-B275-4B3D-BAEF-B26A8E456432}"
EndProject
Project("{FAE04EC0-301F-11D3-BF4B-00C04F79EFBC}") = "LoggerWithAutofac", "Samples\LoggerWithAutofac\LoggerWithAutofac.csproj", "{FBD328D0-E5E5-41EE-900A-5661BE17A70B}"
EndProject
Project("{FAE04EC0-301F-11D3-BF4B-00C04F79EFBC}") = "AccidentalFish.ApplicationSupport.Ninject.Tests.Unit", "Tests\AccidentalFish.ApplicationSupport.Ninject.Tests.Unit\AccidentalFish.ApplicationSupport.Ninject.Tests.Unit.csproj", "{C5261168-A100-4201-8F60-00795310A98A}"
EndProject
Project("{FAE04EC0-301F-11D3-BF4B-00C04F79EFBC}") = "AccidentalFish.ApplicationSupport.Autofac.Tests.Unit", "Tests\AccidentalFish.ApplicationSupport.Autofac.Tests.Unit\AccidentalFish.ApplicationSupport.Autofac.Tests.Unit.csproj", "{62BAFDB5-0F75-49C6-8DC3-8EE34B0C2B21}"
EndProject
Project("{FAE04EC0-301F-11D3-BF4B-00C04F79EFBC}") = "AzureResources", "Samples\AzureResources\AzureResources.csproj", "{05D1761A-CBF5-4927-B900-C8F9A17C44F6}"
EndProject
Project("{2150E333-8FDC-42A3-9474-1A3956D46DE8}") = "Loggers", "Loggers", "{CA5A38CF-EBF1-4F10-B4B3-351AE9F857EE}"
EndProject
Project("{FAE04EC0-301F-11D3-BF4B-00C04F79EFBC}") = "AccidentalFish.ApplicationSupport.Logging.AzureQueueLogger", "Source\AccidentalFish.ApplicationSupport.Logging.AzureQueueLogger\AccidentalFish.ApplicationSupport.Logging.AzureQueueLogger.csproj", "{1E2566A4-4685-470F-9175-8D65A388FD66}"
EndProject
Project("{2150E333-8FDC-42A3-9474-1A3956D46DE8}") = "DependencyResolution", "DependencyResolution", "{66F22889-54C9-4EC3-8980-AAC35546EF15}"
EndProject
Project("{FAE04EC0-301F-11D3-BF4B-00C04F79EFBC}") = "AccidentalFish.ApplicationSupport.Logging.Serilog", "Source\AccidentalFish.ApplicationSupport.Logging.Serilog\AccidentalFish.ApplicationSupport.Logging.Serilog.csproj", "{0359DC68-A97B-42B2-BA0C-1BF8366133DF}"
EndProject
Project("{FAE04EC0-301F-11D3-BF4B-00C04F79EFBC}") = "SerilogSample", "Samples\SerilogSample\SerilogSample.csproj", "{987FDD95-D7B2-4FBE-8FBD-60AC831DE3A3}"
EndProject
Project("{FAE04EC0-301F-11D3-BF4B-00C04F79EFBC}") = "AccidentalFish.ApplicationSupport.Logging.ConsoleLogger", "Source\AccidentalFish.ApplicationSupport.Logging.ConsoleLogger\AccidentalFish.ApplicationSupport.Logging.ConsoleLogger.csproj", "{4AC818BD-059E-48BD-87BF-5570A0DCF806}"
EndProject
Project("{FAE04EC0-301F-11D3-BF4B-00C04F79EFBC}") = "TableStorage", "Samples\TableStorage\TableStorage.csproj", "{D96AF905-41F1-44E8-998F-E40F3D11E431}"
EndProject
Project("{FAE04EC0-301F-11D3-BF4B-00C04F79EFBC}") = "LargeMessageQueue", "Samples\LargeMessageQueue\LargeMessageQueue.csproj", "{B73A48B2-3C7B-47E0-87B9-F729E4B708CA}"
EndProject
Global
	GlobalSection(SolutionConfigurationPlatforms) = preSolution
		Debug|Any CPU = Debug|Any CPU
		Debug|x64 = Debug|x64
		Release|Any CPU = Release|Any CPU
		Release|x64 = Release|x64
	EndGlobalSection
	GlobalSection(ProjectConfigurationPlatforms) = postSolution
		{578E1681-F5F4-4CBA-BEC3-7F1D8A765254}.Debug|Any CPU.ActiveCfg = Debug|Any CPU
		{578E1681-F5F4-4CBA-BEC3-7F1D8A765254}.Debug|Any CPU.Build.0 = Debug|Any CPU
		{578E1681-F5F4-4CBA-BEC3-7F1D8A765254}.Debug|x64.ActiveCfg = Debug|x64
		{578E1681-F5F4-4CBA-BEC3-7F1D8A765254}.Debug|x64.Build.0 = Debug|x64
		{578E1681-F5F4-4CBA-BEC3-7F1D8A765254}.Release|Any CPU.ActiveCfg = Release|Any CPU
		{578E1681-F5F4-4CBA-BEC3-7F1D8A765254}.Release|Any CPU.Build.0 = Release|Any CPU
		{578E1681-F5F4-4CBA-BEC3-7F1D8A765254}.Release|x64.ActiveCfg = Release|x64
		{578E1681-F5F4-4CBA-BEC3-7F1D8A765254}.Release|x64.Build.0 = Release|x64
		{F4F8B4B5-4519-4669-8D30-CD7866CC6B33}.Debug|Any CPU.ActiveCfg = Debug|Any CPU
		{F4F8B4B5-4519-4669-8D30-CD7866CC6B33}.Debug|Any CPU.Build.0 = Debug|Any CPU
		{F4F8B4B5-4519-4669-8D30-CD7866CC6B33}.Debug|x64.ActiveCfg = Debug|x64
		{F4F8B4B5-4519-4669-8D30-CD7866CC6B33}.Debug|x64.Build.0 = Debug|x64
		{F4F8B4B5-4519-4669-8D30-CD7866CC6B33}.Release|Any CPU.ActiveCfg = Release|Any CPU
		{F4F8B4B5-4519-4669-8D30-CD7866CC6B33}.Release|Any CPU.Build.0 = Release|Any CPU
		{F4F8B4B5-4519-4669-8D30-CD7866CC6B33}.Release|x64.ActiveCfg = Release|x64
		{F4F8B4B5-4519-4669-8D30-CD7866CC6B33}.Release|x64.Build.0 = Release|x64
		{F07F76F1-C7AD-49CA-AA86-F2898073B20F}.Debug|Any CPU.ActiveCfg = Debug|Any CPU
		{F07F76F1-C7AD-49CA-AA86-F2898073B20F}.Debug|Any CPU.Build.0 = Debug|Any CPU
		{F07F76F1-C7AD-49CA-AA86-F2898073B20F}.Debug|x64.ActiveCfg = Debug|Any CPU
		{F07F76F1-C7AD-49CA-AA86-F2898073B20F}.Release|Any CPU.ActiveCfg = Release|Any CPU
		{F07F76F1-C7AD-49CA-AA86-F2898073B20F}.Release|Any CPU.Build.0 = Release|Any CPU
		{F07F76F1-C7AD-49CA-AA86-F2898073B20F}.Release|x64.ActiveCfg = Release|Any CPU
		{F6A4199C-708E-4B1A-B62E-185AFB1DB51A}.Debug|Any CPU.ActiveCfg = Debug|Any CPU
		{F6A4199C-708E-4B1A-B62E-185AFB1DB51A}.Debug|Any CPU.Build.0 = Debug|Any CPU
		{F6A4199C-708E-4B1A-B62E-185AFB1DB51A}.Debug|x64.ActiveCfg = Debug|Any CPU
		{F6A4199C-708E-4B1A-B62E-185AFB1DB51A}.Release|Any CPU.ActiveCfg = Release|Any CPU
		{F6A4199C-708E-4B1A-B62E-185AFB1DB51A}.Release|Any CPU.Build.0 = Release|Any CPU
		{F6A4199C-708E-4B1A-B62E-185AFB1DB51A}.Release|x64.ActiveCfg = Release|Any CPU
		{120C9550-5A83-4E1C-A5B5-1C336E1FCC49}.Debug|Any CPU.ActiveCfg = Debug|Any CPU
		{120C9550-5A83-4E1C-A5B5-1C336E1FCC49}.Debug|Any CPU.Build.0 = Debug|Any CPU
		{120C9550-5A83-4E1C-A5B5-1C336E1FCC49}.Debug|x64.ActiveCfg = Debug|Any CPU
		{120C9550-5A83-4E1C-A5B5-1C336E1FCC49}.Release|Any CPU.ActiveCfg = Release|Any CPU
		{120C9550-5A83-4E1C-A5B5-1C336E1FCC49}.Release|Any CPU.Build.0 = Release|Any CPU
		{120C9550-5A83-4E1C-A5B5-1C336E1FCC49}.Release|x64.ActiveCfg = Release|Any CPU
		{2020EF8C-4D77-4DEC-A287-11D877F2685F}.Debug|Any CPU.ActiveCfg = Debug|Any CPU
		{2020EF8C-4D77-4DEC-A287-11D877F2685F}.Debug|Any CPU.Build.0 = Debug|Any CPU
		{2020EF8C-4D77-4DEC-A287-11D877F2685F}.Debug|x64.ActiveCfg = Debug|Any CPU
		{2020EF8C-4D77-4DEC-A287-11D877F2685F}.Release|Any CPU.ActiveCfg = Release|Any CPU
		{2020EF8C-4D77-4DEC-A287-11D877F2685F}.Release|Any CPU.Build.0 = Release|Any CPU
		{2020EF8C-4D77-4DEC-A287-11D877F2685F}.Release|x64.ActiveCfg = Release|Any CPU
		{97192BD5-BFC5-4F58-BEC1-F47A460E46FA}.Debug|Any CPU.ActiveCfg = Debug|Any CPU
		{97192BD5-BFC5-4F58-BEC1-F47A460E46FA}.Debug|Any CPU.Build.0 = Debug|Any CPU
		{97192BD5-BFC5-4F58-BEC1-F47A460E46FA}.Debug|x64.ActiveCfg = Debug|Any CPU
		{97192BD5-BFC5-4F58-BEC1-F47A460E46FA}.Release|Any CPU.ActiveCfg = Release|Any CPU
		{97192BD5-BFC5-4F58-BEC1-F47A460E46FA}.Release|Any CPU.Build.0 = Release|Any CPU
		{97192BD5-BFC5-4F58-BEC1-F47A460E46FA}.Release|x64.ActiveCfg = Release|Any CPU
		{B0EF8F56-C9B3-4C1D-80C6-DD65B3C00F5E}.Debug|Any CPU.ActiveCfg = Debug|Any CPU
		{B0EF8F56-C9B3-4C1D-80C6-DD65B3C00F5E}.Debug|Any CPU.Build.0 = Debug|Any CPU
		{B0EF8F56-C9B3-4C1D-80C6-DD65B3C00F5E}.Debug|x64.ActiveCfg = Debug|Any CPU
		{B0EF8F56-C9B3-4C1D-80C6-DD65B3C00F5E}.Release|Any CPU.ActiveCfg = Release|Any CPU
		{B0EF8F56-C9B3-4C1D-80C6-DD65B3C00F5E}.Release|Any CPU.Build.0 = Release|Any CPU
		{B0EF8F56-C9B3-4C1D-80C6-DD65B3C00F5E}.Release|x64.ActiveCfg = Release|Any CPU
		{1FAB02F3-6930-4FF3-96BE-E23F2D428325}.Debug|Any CPU.ActiveCfg = Debug|Any CPU
		{1FAB02F3-6930-4FF3-96BE-E23F2D428325}.Debug|Any CPU.Build.0 = Debug|Any CPU
		{1FAB02F3-6930-4FF3-96BE-E23F2D428325}.Debug|x64.ActiveCfg = Debug|Any CPU
		{1FAB02F3-6930-4FF3-96BE-E23F2D428325}.Release|Any CPU.ActiveCfg = Release|Any CPU
		{1FAB02F3-6930-4FF3-96BE-E23F2D428325}.Release|Any CPU.Build.0 = Release|Any CPU
		{1FAB02F3-6930-4FF3-96BE-E23F2D428325}.Release|x64.ActiveCfg = Release|Any CPU
		{8759A93A-7CC7-43E4-9238-ACE15FE6FD78}.Debug|Any CPU.ActiveCfg = Debug|Any CPU
		{8759A93A-7CC7-43E4-9238-ACE15FE6FD78}.Debug|Any CPU.Build.0 = Debug|Any CPU
		{8759A93A-7CC7-43E4-9238-ACE15FE6FD78}.Debug|x64.ActiveCfg = Debug|Any CPU
		{8759A93A-7CC7-43E4-9238-ACE15FE6FD78}.Release|Any CPU.ActiveCfg = Release|Any CPU
		{8759A93A-7CC7-43E4-9238-ACE15FE6FD78}.Release|Any CPU.Build.0 = Release|Any CPU
		{8759A93A-7CC7-43E4-9238-ACE15FE6FD78}.Release|x64.ActiveCfg = Release|Any CPU
		{62D4B06E-503F-40E2-9667-B7DA1C5EAAC8}.Debug|Any CPU.ActiveCfg = Debug|Any CPU
		{62D4B06E-503F-40E2-9667-B7DA1C5EAAC8}.Debug|Any CPU.Build.0 = Debug|Any CPU
		{62D4B06E-503F-40E2-9667-B7DA1C5EAAC8}.Debug|x64.ActiveCfg = Debug|Any CPU
		{62D4B06E-503F-40E2-9667-B7DA1C5EAAC8}.Release|Any CPU.ActiveCfg = Release|Any CPU
		{62D4B06E-503F-40E2-9667-B7DA1C5EAAC8}.Release|Any CPU.Build.0 = Release|Any CPU
		{62D4B06E-503F-40E2-9667-B7DA1C5EAAC8}.Release|x64.ActiveCfg = Release|Any CPU
		{09C4344B-A00B-4404-BEA0-F0B5521FAA99}.Debug|Any CPU.ActiveCfg = Debug|Any CPU
		{09C4344B-A00B-4404-BEA0-F0B5521FAA99}.Debug|Any CPU.Build.0 = Debug|Any CPU
		{09C4344B-A00B-4404-BEA0-F0B5521FAA99}.Debug|x64.ActiveCfg = Debug|Any CPU
		{09C4344B-A00B-4404-BEA0-F0B5521FAA99}.Release|Any CPU.ActiveCfg = Release|Any CPU
		{09C4344B-A00B-4404-BEA0-F0B5521FAA99}.Release|Any CPU.Build.0 = Release|Any CPU
		{09C4344B-A00B-4404-BEA0-F0B5521FAA99}.Release|x64.ActiveCfg = Release|Any CPU
		{0D6F0331-7BD5-4E74-A1B8-2430CAE35478}.Debug|Any CPU.ActiveCfg = Debug|Any CPU
		{0D6F0331-7BD5-4E74-A1B8-2430CAE35478}.Debug|Any CPU.Build.0 = Debug|Any CPU
		{0D6F0331-7BD5-4E74-A1B8-2430CAE35478}.Debug|x64.ActiveCfg = Debug|Any CPU
		{0D6F0331-7BD5-4E74-A1B8-2430CAE35478}.Release|Any CPU.ActiveCfg = Release|Any CPU
		{0D6F0331-7BD5-4E74-A1B8-2430CAE35478}.Release|Any CPU.Build.0 = Release|Any CPU
		{0D6F0331-7BD5-4E74-A1B8-2430CAE35478}.Release|x64.ActiveCfg = Release|Any CPU
		{82B25A63-C543-4807-933F-6ED6530DB291}.Debug|Any CPU.ActiveCfg = Debug|Any CPU
		{82B25A63-C543-4807-933F-6ED6530DB291}.Debug|Any CPU.Build.0 = Debug|Any CPU
		{82B25A63-C543-4807-933F-6ED6530DB291}.Debug|x64.ActiveCfg = Debug|Any CPU
		{82B25A63-C543-4807-933F-6ED6530DB291}.Release|Any CPU.ActiveCfg = Release|Any CPU
		{82B25A63-C543-4807-933F-6ED6530DB291}.Release|Any CPU.Build.0 = Release|Any CPU
		{82B25A63-C543-4807-933F-6ED6530DB291}.Release|x64.ActiveCfg = Release|Any CPU
		{18671945-CD5C-4CE6-8C02-CD7C8B0CC68E}.Debug|Any CPU.ActiveCfg = Debug|Any CPU
		{18671945-CD5C-4CE6-8C02-CD7C8B0CC68E}.Debug|Any CPU.Build.0 = Debug|Any CPU
		{18671945-CD5C-4CE6-8C02-CD7C8B0CC68E}.Debug|x64.ActiveCfg = Debug|Any CPU
		{18671945-CD5C-4CE6-8C02-CD7C8B0CC68E}.Release|Any CPU.ActiveCfg = Release|Any CPU
		{18671945-CD5C-4CE6-8C02-CD7C8B0CC68E}.Release|Any CPU.Build.0 = Release|Any CPU
		{18671945-CD5C-4CE6-8C02-CD7C8B0CC68E}.Release|x64.ActiveCfg = Release|Any CPU
		{1317DE04-F3DA-47AA-BD6E-B7F4BC81E85F}.Debug|Any CPU.ActiveCfg = Debug|Any CPU
		{1317DE04-F3DA-47AA-BD6E-B7F4BC81E85F}.Debug|Any CPU.Build.0 = Debug|Any CPU
		{1317DE04-F3DA-47AA-BD6E-B7F4BC81E85F}.Debug|x64.ActiveCfg = Debug|Any CPU
		{1317DE04-F3DA-47AA-BD6E-B7F4BC81E85F}.Release|Any CPU.ActiveCfg = Release|Any CPU
		{1317DE04-F3DA-47AA-BD6E-B7F4BC81E85F}.Release|Any CPU.Build.0 = Release|Any CPU
		{1317DE04-F3DA-47AA-BD6E-B7F4BC81E85F}.Release|x64.ActiveCfg = Release|Any CPU
		{FF473D27-77E7-4592-A1EC-8E52B8A190C9}.Debug|Any CPU.ActiveCfg = Debug|Any CPU
		{FF473D27-77E7-4592-A1EC-8E52B8A190C9}.Debug|Any CPU.Build.0 = Debug|Any CPU
		{FF473D27-77E7-4592-A1EC-8E52B8A190C9}.Debug|x64.ActiveCfg = Debug|Any CPU
		{FF473D27-77E7-4592-A1EC-8E52B8A190C9}.Release|Any CPU.ActiveCfg = Release|Any CPU
		{FF473D27-77E7-4592-A1EC-8E52B8A190C9}.Release|Any CPU.Build.0 = Release|Any CPU
		{FF473D27-77E7-4592-A1EC-8E52B8A190C9}.Release|x64.ActiveCfg = Release|Any CPU
		{D9B998A8-F054-422D-AE5A-05DF51B3648B}.Debug|Any CPU.ActiveCfg = Debug|Any CPU
		{D9B998A8-F054-422D-AE5A-05DF51B3648B}.Debug|Any CPU.Build.0 = Debug|Any CPU
		{D9B998A8-F054-422D-AE5A-05DF51B3648B}.Debug|x64.ActiveCfg = Debug|Any CPU
		{D9B998A8-F054-422D-AE5A-05DF51B3648B}.Debug|x64.Build.0 = Debug|Any CPU
		{D9B998A8-F054-422D-AE5A-05DF51B3648B}.Release|Any CPU.ActiveCfg = Release|Any CPU
		{D9B998A8-F054-422D-AE5A-05DF51B3648B}.Release|Any CPU.Build.0 = Release|Any CPU
		{D9B998A8-F054-422D-AE5A-05DF51B3648B}.Release|x64.ActiveCfg = Release|Any CPU
		{D9B998A8-F054-422D-AE5A-05DF51B3648B}.Release|x64.Build.0 = Release|Any CPU
		{1C6678C8-3804-4CE3-AE22-4BA20A0A0584}.Debug|Any CPU.ActiveCfg = Debug|Any CPU
		{1C6678C8-3804-4CE3-AE22-4BA20A0A0584}.Debug|Any CPU.Build.0 = Debug|Any CPU
		{1C6678C8-3804-4CE3-AE22-4BA20A0A0584}.Debug|x64.ActiveCfg = Debug|Any CPU
		{1C6678C8-3804-4CE3-AE22-4BA20A0A0584}.Debug|x64.Build.0 = Debug|Any CPU
		{1C6678C8-3804-4CE3-AE22-4BA20A0A0584}.Release|Any CPU.ActiveCfg = Release|Any CPU
		{1C6678C8-3804-4CE3-AE22-4BA20A0A0584}.Release|Any CPU.Build.0 = Release|Any CPU
		{1C6678C8-3804-4CE3-AE22-4BA20A0A0584}.Release|x64.ActiveCfg = Release|Any CPU
		{1C6678C8-3804-4CE3-AE22-4BA20A0A0584}.Release|x64.Build.0 = Release|Any CPU
		{14E9E435-B14A-4D85-B03F-F997854FD0D1}.Debug|Any CPU.ActiveCfg = Debug|Any CPU
		{14E9E435-B14A-4D85-B03F-F997854FD0D1}.Debug|Any CPU.Build.0 = Debug|Any CPU
		{14E9E435-B14A-4D85-B03F-F997854FD0D1}.Debug|x64.ActiveCfg = Debug|Any CPU
		{14E9E435-B14A-4D85-B03F-F997854FD0D1}.Debug|x64.Build.0 = Debug|Any CPU
		{14E9E435-B14A-4D85-B03F-F997854FD0D1}.Release|Any CPU.ActiveCfg = Release|Any CPU
		{14E9E435-B14A-4D85-B03F-F997854FD0D1}.Release|Any CPU.Build.0 = Release|Any CPU
		{14E9E435-B14A-4D85-B03F-F997854FD0D1}.Release|x64.ActiveCfg = Release|Any CPU
		{14E9E435-B14A-4D85-B03F-F997854FD0D1}.Release|x64.Build.0 = Release|Any CPU
		{B1C853D2-2AC2-46CB-A75E-8B8D1D1B5560}.Debug|Any CPU.ActiveCfg = Debug|Any CPU
		{B1C853D2-2AC2-46CB-A75E-8B8D1D1B5560}.Debug|Any CPU.Build.0 = Debug|Any CPU
		{B1C853D2-2AC2-46CB-A75E-8B8D1D1B5560}.Debug|x64.ActiveCfg = Debug|Any CPU
		{B1C853D2-2AC2-46CB-A75E-8B8D1D1B5560}.Debug|x64.Build.0 = Debug|Any CPU
		{B1C853D2-2AC2-46CB-A75E-8B8D1D1B5560}.Release|Any CPU.ActiveCfg = Release|Any CPU
		{B1C853D2-2AC2-46CB-A75E-8B8D1D1B5560}.Release|Any CPU.Build.0 = Release|Any CPU
		{B1C853D2-2AC2-46CB-A75E-8B8D1D1B5560}.Release|x64.ActiveCfg = Release|Any CPU
		{B1C853D2-2AC2-46CB-A75E-8B8D1D1B5560}.Release|x64.Build.0 = Release|Any CPU
		{A44C293C-B275-4B3D-BAEF-B26A8E456432}.Debug|Any CPU.ActiveCfg = Debug|Any CPU
		{A44C293C-B275-4B3D-BAEF-B26A8E456432}.Debug|Any CPU.Build.0 = Debug|Any CPU
		{A44C293C-B275-4B3D-BAEF-B26A8E456432}.Debug|x64.ActiveCfg = Debug|Any CPU
		{A44C293C-B275-4B3D-BAEF-B26A8E456432}.Debug|x64.Build.0 = Debug|Any CPU
		{A44C293C-B275-4B3D-BAEF-B26A8E456432}.Release|Any CPU.ActiveCfg = Release|Any CPU
		{A44C293C-B275-4B3D-BAEF-B26A8E456432}.Release|Any CPU.Build.0 = Release|Any CPU
		{A44C293C-B275-4B3D-BAEF-B26A8E456432}.Release|x64.ActiveCfg = Release|Any CPU
		{A44C293C-B275-4B3D-BAEF-B26A8E456432}.Release|x64.Build.0 = Release|Any CPU
		{FBD328D0-E5E5-41EE-900A-5661BE17A70B}.Debug|Any CPU.ActiveCfg = Debug|Any CPU
		{FBD328D0-E5E5-41EE-900A-5661BE17A70B}.Debug|Any CPU.Build.0 = Debug|Any CPU
		{FBD328D0-E5E5-41EE-900A-5661BE17A70B}.Debug|x64.ActiveCfg = Debug|Any CPU
		{FBD328D0-E5E5-41EE-900A-5661BE17A70B}.Debug|x64.Build.0 = Debug|Any CPU
		{FBD328D0-E5E5-41EE-900A-5661BE17A70B}.Release|Any CPU.ActiveCfg = Release|Any CPU
		{FBD328D0-E5E5-41EE-900A-5661BE17A70B}.Release|Any CPU.Build.0 = Release|Any CPU
		{FBD328D0-E5E5-41EE-900A-5661BE17A70B}.Release|x64.ActiveCfg = Release|Any CPU
		{FBD328D0-E5E5-41EE-900A-5661BE17A70B}.Release|x64.Build.0 = Release|Any CPU
		{C5261168-A100-4201-8F60-00795310A98A}.Debug|Any CPU.ActiveCfg = Debug|Any CPU
		{C5261168-A100-4201-8F60-00795310A98A}.Debug|Any CPU.Build.0 = Debug|Any CPU
		{C5261168-A100-4201-8F60-00795310A98A}.Debug|x64.ActiveCfg = Debug|Any CPU
		{C5261168-A100-4201-8F60-00795310A98A}.Debug|x64.Build.0 = Debug|Any CPU
		{C5261168-A100-4201-8F60-00795310A98A}.Release|Any CPU.ActiveCfg = Release|Any CPU
		{C5261168-A100-4201-8F60-00795310A98A}.Release|Any CPU.Build.0 = Release|Any CPU
		{C5261168-A100-4201-8F60-00795310A98A}.Release|x64.ActiveCfg = Release|Any CPU
		{C5261168-A100-4201-8F60-00795310A98A}.Release|x64.Build.0 = Release|Any CPU
		{62BAFDB5-0F75-49C6-8DC3-8EE34B0C2B21}.Debug|Any CPU.ActiveCfg = Debug|Any CPU
		{62BAFDB5-0F75-49C6-8DC3-8EE34B0C2B21}.Debug|Any CPU.Build.0 = Debug|Any CPU
		{62BAFDB5-0F75-49C6-8DC3-8EE34B0C2B21}.Debug|x64.ActiveCfg = Debug|Any CPU
		{62BAFDB5-0F75-49C6-8DC3-8EE34B0C2B21}.Debug|x64.Build.0 = Debug|Any CPU
		{62BAFDB5-0F75-49C6-8DC3-8EE34B0C2B21}.Release|Any CPU.ActiveCfg = Release|Any CPU
		{62BAFDB5-0F75-49C6-8DC3-8EE34B0C2B21}.Release|Any CPU.Build.0 = Release|Any CPU
		{62BAFDB5-0F75-49C6-8DC3-8EE34B0C2B21}.Release|x64.ActiveCfg = Release|Any CPU
		{62BAFDB5-0F75-49C6-8DC3-8EE34B0C2B21}.Release|x64.Build.0 = Release|Any CPU
		{05D1761A-CBF5-4927-B900-C8F9A17C44F6}.Debug|Any CPU.ActiveCfg = Debug|Any CPU
		{05D1761A-CBF5-4927-B900-C8F9A17C44F6}.Debug|Any CPU.Build.0 = Debug|Any CPU
		{05D1761A-CBF5-4927-B900-C8F9A17C44F6}.Debug|x64.ActiveCfg = Debug|Any CPU
		{05D1761A-CBF5-4927-B900-C8F9A17C44F6}.Debug|x64.Build.0 = Debug|Any CPU
		{05D1761A-CBF5-4927-B900-C8F9A17C44F6}.Release|Any CPU.ActiveCfg = Release|Any CPU
		{05D1761A-CBF5-4927-B900-C8F9A17C44F6}.Release|Any CPU.Build.0 = Release|Any CPU
		{05D1761A-CBF5-4927-B900-C8F9A17C44F6}.Release|x64.ActiveCfg = Release|Any CPU
		{05D1761A-CBF5-4927-B900-C8F9A17C44F6}.Release|x64.Build.0 = Release|Any CPU
		{1E2566A4-4685-470F-9175-8D65A388FD66}.Debug|Any CPU.ActiveCfg = Debug|Any CPU
		{1E2566A4-4685-470F-9175-8D65A388FD66}.Debug|Any CPU.Build.0 = Debug|Any CPU
		{1E2566A4-4685-470F-9175-8D65A388FD66}.Debug|x64.ActiveCfg = Debug|Any CPU
		{1E2566A4-4685-470F-9175-8D65A388FD66}.Debug|x64.Build.0 = Debug|Any CPU
		{1E2566A4-4685-470F-9175-8D65A388FD66}.Release|Any CPU.ActiveCfg = Release|Any CPU
		{1E2566A4-4685-470F-9175-8D65A388FD66}.Release|Any CPU.Build.0 = Release|Any CPU
		{1E2566A4-4685-470F-9175-8D65A388FD66}.Release|x64.ActiveCfg = Release|Any CPU
		{1E2566A4-4685-470F-9175-8D65A388FD66}.Release|x64.Build.0 = Release|Any CPU
		{0359DC68-A97B-42B2-BA0C-1BF8366133DF}.Debug|Any CPU.ActiveCfg = Debug|Any CPU
		{0359DC68-A97B-42B2-BA0C-1BF8366133DF}.Debug|Any CPU.Build.0 = Debug|Any CPU
		{0359DC68-A97B-42B2-BA0C-1BF8366133DF}.Debug|x64.ActiveCfg = Debug|Any CPU
		{0359DC68-A97B-42B2-BA0C-1BF8366133DF}.Debug|x64.Build.0 = Debug|Any CPU
		{0359DC68-A97B-42B2-BA0C-1BF8366133DF}.Release|Any CPU.ActiveCfg = Release|Any CPU
		{0359DC68-A97B-42B2-BA0C-1BF8366133DF}.Release|Any CPU.Build.0 = Release|Any CPU
		{0359DC68-A97B-42B2-BA0C-1BF8366133DF}.Release|x64.ActiveCfg = Release|Any CPU
		{0359DC68-A97B-42B2-BA0C-1BF8366133DF}.Release|x64.Build.0 = Release|Any CPU
		{987FDD95-D7B2-4FBE-8FBD-60AC831DE3A3}.Debug|Any CPU.ActiveCfg = Debug|Any CPU
		{987FDD95-D7B2-4FBE-8FBD-60AC831DE3A3}.Debug|Any CPU.Build.0 = Debug|Any CPU
		{987FDD95-D7B2-4FBE-8FBD-60AC831DE3A3}.Debug|x64.ActiveCfg = Debug|Any CPU
		{987FDD95-D7B2-4FBE-8FBD-60AC831DE3A3}.Debug|x64.Build.0 = Debug|Any CPU
		{987FDD95-D7B2-4FBE-8FBD-60AC831DE3A3}.Release|Any CPU.ActiveCfg = Release|Any CPU
		{987FDD95-D7B2-4FBE-8FBD-60AC831DE3A3}.Release|Any CPU.Build.0 = Release|Any CPU
		{987FDD95-D7B2-4FBE-8FBD-60AC831DE3A3}.Release|x64.ActiveCfg = Release|Any CPU
		{987FDD95-D7B2-4FBE-8FBD-60AC831DE3A3}.Release|x64.Build.0 = Release|Any CPU
		{4AC818BD-059E-48BD-87BF-5570A0DCF806}.Debug|Any CPU.ActiveCfg = Debug|Any CPU
		{4AC818BD-059E-48BD-87BF-5570A0DCF806}.Debug|Any CPU.Build.0 = Debug|Any CPU
		{4AC818BD-059E-48BD-87BF-5570A0DCF806}.Debug|x64.ActiveCfg = Debug|Any CPU
		{4AC818BD-059E-48BD-87BF-5570A0DCF806}.Debug|x64.Build.0 = Debug|Any CPU
		{4AC818BD-059E-48BD-87BF-5570A0DCF806}.Release|Any CPU.ActiveCfg = Release|Any CPU
		{4AC818BD-059E-48BD-87BF-5570A0DCF806}.Release|Any CPU.Build.0 = Release|Any CPU
		{4AC818BD-059E-48BD-87BF-5570A0DCF806}.Release|x64.ActiveCfg = Release|Any CPU
		{4AC818BD-059E-48BD-87BF-5570A0DCF806}.Release|x64.Build.0 = Release|Any CPU
		{D96AF905-41F1-44E8-998F-E40F3D11E431}.Debug|Any CPU.ActiveCfg = Debug|Any CPU
		{D96AF905-41F1-44E8-998F-E40F3D11E431}.Debug|Any CPU.Build.0 = Debug|Any CPU
		{D96AF905-41F1-44E8-998F-E40F3D11E431}.Debug|x64.ActiveCfg = Debug|Any CPU
		{D96AF905-41F1-44E8-998F-E40F3D11E431}.Debug|x64.Build.0 = Debug|Any CPU
		{D96AF905-41F1-44E8-998F-E40F3D11E431}.Release|Any CPU.ActiveCfg = Release|Any CPU
		{D96AF905-41F1-44E8-998F-E40F3D11E431}.Release|Any CPU.Build.0 = Release|Any CPU
		{D96AF905-41F1-44E8-998F-E40F3D11E431}.Release|x64.ActiveCfg = Release|Any CPU
		{D96AF905-41F1-44E8-998F-E40F3D11E431}.Release|x64.Build.0 = Release|Any CPU
		{B73A48B2-3C7B-47E0-87B9-F729E4B708CA}.Debug|Any CPU.ActiveCfg = Debug|Any CPU
		{B73A48B2-3C7B-47E0-87B9-F729E4B708CA}.Debug|Any CPU.Build.0 = Debug|Any CPU
		{B73A48B2-3C7B-47E0-87B9-F729E4B708CA}.Debug|x64.ActiveCfg = Debug|Any CPU
		{B73A48B2-3C7B-47E0-87B9-F729E4B708CA}.Debug|x64.Build.0 = Debug|Any CPU
		{B73A48B2-3C7B-47E0-87B9-F729E4B708CA}.Release|Any CPU.ActiveCfg = Release|Any CPU
		{B73A48B2-3C7B-47E0-87B9-F729E4B708CA}.Release|Any CPU.Build.0 = Release|Any CPU
		{B73A48B2-3C7B-47E0-87B9-F729E4B708CA}.Release|x64.ActiveCfg = Release|Any CPU
		{B73A48B2-3C7B-47E0-87B9-F729E4B708CA}.Release|x64.Build.0 = Release|Any CPU
	EndGlobalSection
	GlobalSection(SolutionProperties) = preSolution
		HideSolutionNode = FALSE
	EndGlobalSection
	GlobalSection(NestedProjects) = preSolution
		{F6A4199C-708E-4B1A-B62E-185AFB1DB51A} = {F127F13B-CB27-49FA-B201-E57630D8CCD8}
		{120C9550-5A83-4E1C-A5B5-1C336E1FCC49} = {F127F13B-CB27-49FA-B201-E57630D8CCD8}
		{97192BD5-BFC5-4F58-BEC1-F47A460E46FA} = {F127F13B-CB27-49FA-B201-E57630D8CCD8}
		{B0EF8F56-C9B3-4C1D-80C6-DD65B3C00F5E} = {C7214A7F-4365-4624-8C92-48BE40FCD969}
		{09C4344B-A00B-4404-BEA0-F0B5521FAA99} = {66F22889-54C9-4EC3-8980-AAC35546EF15}
		{0D6F0331-7BD5-4E74-A1B8-2430CAE35478} = {C7214A7F-4365-4624-8C92-48BE40FCD969}
		{18671945-CD5C-4CE6-8C02-CD7C8B0CC68E} = {66F22889-54C9-4EC3-8980-AAC35546EF15}
		{1317DE04-F3DA-47AA-BD6E-B7F4BC81E85F} = {C7214A7F-4365-4624-8C92-48BE40FCD969}
		{FF473D27-77E7-4592-A1EC-8E52B8A190C9} = {C7214A7F-4365-4624-8C92-48BE40FCD969}
		{D9B998A8-F054-422D-AE5A-05DF51B3648B} = {CA5A38CF-EBF1-4F10-B4B3-351AE9F857EE}
		{1C6678C8-3804-4CE3-AE22-4BA20A0A0584} = {C7214A7F-4365-4624-8C92-48BE40FCD969}
		{14E9E435-B14A-4D85-B03F-F997854FD0D1} = {66F22889-54C9-4EC3-8980-AAC35546EF15}
		{B1C853D2-2AC2-46CB-A75E-8B8D1D1B5560} = {C7214A7F-4365-4624-8C92-48BE40FCD969}
		{A44C293C-B275-4B3D-BAEF-B26A8E456432} = {66F22889-54C9-4EC3-8980-AAC35546EF15}
		{FBD328D0-E5E5-41EE-900A-5661BE17A70B} = {C7214A7F-4365-4624-8C92-48BE40FCD969}
		{C5261168-A100-4201-8F60-00795310A98A} = {F127F13B-CB27-49FA-B201-E57630D8CCD8}
		{62BAFDB5-0F75-49C6-8DC3-8EE34B0C2B21} = {F127F13B-CB27-49FA-B201-E57630D8CCD8}
		{05D1761A-CBF5-4927-B900-C8F9A17C44F6} = {C7214A7F-4365-4624-8C92-48BE40FCD969}
		{1E2566A4-4685-470F-9175-8D65A388FD66} = {CA5A38CF-EBF1-4F10-B4B3-351AE9F857EE}
		{0359DC68-A97B-42B2-BA0C-1BF8366133DF} = {CA5A38CF-EBF1-4F10-B4B3-351AE9F857EE}
		{987FDD95-D7B2-4FBE-8FBD-60AC831DE3A3} = {C7214A7F-4365-4624-8C92-48BE40FCD969}
		{4AC818BD-059E-48BD-87BF-5570A0DCF806} = {CA5A38CF-EBF1-4F10-B4B3-351AE9F857EE}
		{D96AF905-41F1-44E8-998F-E40F3D11E431} = {C7214A7F-4365-4624-8C92-48BE40FCD969}
		{B73A48B2-3C7B-47E0-87B9-F729E4B708CA} = {C7214A7F-4365-4624-8C92-48BE40FCD969}
	EndGlobalSection
	GlobalSection(ExtensibilityGlobals) = postSolution
		EnterpriseLibraryConfigurationToolBinariesPath = packages\TransientFaultHandling.Core.5.1.1209.1\lib\NET4;packages\EnterpriseLibrary.WindowsAzure.TransientFaultHandling.5.1.1212.0\lib\NET4;packages\EnterpriseLibrary.WindowsAzure.TransientFaultHandling.5.1.1212.0\DesignTime
		EnterpriseLibraryConfigurationToolBinariesPathV6 = packages\EnterpriseLibrary.Common.6.0.1304.0\lib\NET45
	EndGlobalSection
EndGlobal
